
Microsoft Visual Studio Solution File, Format Version 12.00
# Visual Studio Version 17
VisualStudioVersion = 17.5.33516.290
MinimumVisualStudioVersion = 10.0.40219.1
Project("{9A19103F-16F7-4668-BE54-9A1E7A4F7556}") = "FacadePattern", "FacadePattern\FacadePattern.csproj", "{887D4CBB-720D-4B4B-B1F7-FE9C2BD27A48}"
EndProject
Project("{9A19103F-16F7-4668-BE54-9A1E7A4F7556}") = "AdapterPattern", "AdapterPattern\AdapterPattern.csproj", "{89E026EA-5229-4B63-86CB-3F4BA40206BE}"
EndProject
Global
	GlobalSection(SolutionConfigurationPlatforms) = preSolution
		Debug|Any CPU = Debug|Any CPU
		Release|Any CPU = Release|Any CPU
	EndGlobalSection
	GlobalSection(ProjectConfigurationPlatforms) = postSolution
		{887D4CBB-720D-4B4B-B1F7-FE9C2BD27A48}.Debug|Any CPU.ActiveCfg = Debug|Any CPU
		{887D4CBB-720D-4B4B-B1F7-FE9C2BD27A48}.Debug|Any CPU.Build.0 = Debug|Any CPU
		{887D4CBB-720D-4B4B-B1F7-FE9C2BD27A48}.Release|Any CPU.ActiveCfg = Release|Any CPU
		{887D4CBB-720D-4B4B-B1F7-FE9C2BD27A48}.Release|Any CPU.Build.0 = Release|Any CPU
		{89E026EA-5229-4B63-86CB-3F4BA40206BE}.Debug|Any CPU.ActiveCfg = Debug|Any CPU
		{89E026EA-5229-4B63-86CB-3F4BA40206BE}.Debug|Any CPU.Build.0 = Debug|Any CPU
		{89E026EA-5229-4B63-86CB-3F4BA40206BE}.Release|Any CPU.ActiveCfg = Release|Any CPU
		{89E026EA-5229-4B63-86CB-3F4BA40206BE}.Release|Any CPU.Build.0 = Release|Any CPU
	EndGlobalSection
	GlobalSection(SolutionProperties) = preSolution
		HideSolutionNode = FALSE
	EndGlobalSection
	GlobalSection(ExtensibilityGlobals) = postSolution
		SolutionGuid = {CE4709E0-9F92-48E8-99AA-30859BC0D3E9}
	EndGlobalSection
EndGlobal
